
Microsoft Visual Studio Solution File, Format Version 12.00
# Visual Studio Version 17
VisualStudioVersion = 17.10.35027.167
MinimumVisualStudioVersion = 10.0.40219.1
Project("{9A19103F-16F7-4668-BE54-9A1E7A4F7556}") = "Gpt4oMini", "gpt-4o-mini/Gpt4oMini.csproj", "{19C9D49E-22D3-44BE-9D6B-924E24AFF502}"
EndProject
Global
	GlobalSection(SolutionConfigurationPlatforms) = preSolution
		Debug|Any CPU = Debug|Any CPU
		Release|Any CPU = Release|Any CPU
	EndGlobalSection
	GlobalSection(ProjectConfigurationPlatforms) = postSolution
		{19C9D49E-22D3-44BE-9D6B-924E24AFF502}.Debug|Any CPU.ActiveCfg = Debug|Any CPU
		{19C9D49E-22D3-44BE-9D6B-924E24AFF502}.Debug|Any CPU.Build.0 = Debug|Any CPU
		{19C9D49E-22D3-44BE-9D6B-924E24AFF502}.Release|Any CPU.ActiveCfg = Release|Any CPU
		{19C9D49E-22D3-44BE-9D6B-924E24AFF502}.Release|Any CPU.Build.0 = Release|Any CPU
	EndGlobalSection
	GlobalSection(SolutionProperties) = preSolution
		HideSolutionNode = FALSE
	EndGlobalSection
	GlobalSection(ExtensibilityGlobals) = postSolution
		SolutionGuid = {5A7FD9EE-35CA-40BE-8A5C-5D764B67D0F3}
	EndGlobalSection
EndGlobal
